# THIS IS AN AUTOGENERATED FILE. DO NOT EDIT THIS FILE DIRECTLY.
# yarn lockfile v1


"@tweenjs/tween.js@^17.2.0":
  version "17.2.0"
  resolved "https://registry.yarnpkg.com/@tweenjs/tween.js/-/tween.js-17.2.0.tgz#21f89b709bafc4b303adae7a83b4f35a0d9e4796"
  integrity sha1-IfibcJuvxLMDra56g7TzWg2eR5Y=

array-union@^1.0.1:
  version "1.0.2"
  resolved "https://registry.yarnpkg.com/array-union/-/array-union-1.0.2.tgz#9a34410e4f4e3da23dea375be5be70f24778ec39"
  integrity sha1-mjRBDk9OPaI96jdb5b5w8kd47Dk=
  dependencies:
    array-uniq "^1.0.1"

array-uniq@^1.0.1:
  version "1.0.3"
  resolved "https://registry.yarnpkg.com/array-uniq/-/array-uniq-1.0.3.tgz#af6ac877a25cc7f74e058894753858dfdb24fdb6"
  integrity sha1-r2rId6Jcx/dOBYiUdThY39sk/bY=

async@^1.5.2:
  version "1.5.2"
  resolved "https://registry.yarnpkg.com/async/-/async-1.5.2.tgz#ec6a61ae56480c0c3cb241c95618e20892f9672a"
  integrity sha1-7GphrlZIDAw8skHJVhjiCJL5Zyo=

async@^2.6.1:
  version "2.6.1"
  resolved "https://registry.yarnpkg.com/async/-/async-2.6.1.tgz#b245a23ca71930044ec53fa46aa00a3e87c6a610"
  integrity sha512-fNEiL2+AZt6AlAw/29Cr0UDe4sRAHCpEHh54WMz+Bb7QfNcFw4h3loofyJpLeQs4Yx7yuqu/2dLgM5hKOs6HlQ==
  dependencies:
    lodash "^4.17.10"

async@~0.2.6:
  version "0.2.10"
  resolved "https://registry.yarnpkg.com/async/-/async-0.2.10.tgz#b6bbe0b0674b9d719708ca38de8c237cb526c3d1"
  integrity sha1-trvgsGdLnXGXCMo43owjfLUmw9E=

balanced-match@^1.0.0:
  version "1.0.0"
  resolved "https://registry.yarnpkg.com/balanced-match/-/balanced-match-1.0.0.tgz#89b4d199ab2bee49de164ea02b89ce462d71b767"
  integrity sha1-ibTRmasr7kneFk6gK4nORi1xt2c=

base64-arraybuffer@^0.1.5:
  version "0.1.5"
  resolved "https://registry.yarnpkg.com/base64-arraybuffer/-/base64-arraybuffer-0.1.5.tgz#73926771923b5a19747ad666aa5cd4bf9c6e9ce8"
  integrity sha1-c5JncZI7Whl0etZmqlzUv5xunOg=

brace-expansion@^1.1.7:
  version "1.1.11"
  resolved "https://registry.yarnpkg.com/brace-expansion/-/brace-expansion-1.1.11.tgz#3c7fcbf529d87226f3d2f52b966ff5271eb441dd"
  integrity sha512-iCuPHDFgrHX7H2vEI/5xpz07zSHB00TpugqhmYtVmMO6518mCuRMoOYFldEBl0g187ufozdaHgWKcYFb61qGiA==
  dependencies:
    balanced-match "^1.0.0"
    concat-map "0.0.1"

brace@^0.11.1:
  version "0.11.1"
  resolved "https://registry.yarnpkg.com/brace/-/brace-0.11.1.tgz#4896fcc9d544eef45f4bb7660db320d3b379fe58"
  integrity sha1-SJb8ydVE7vRfS7dmDbMg07N5/lg=

camera-controls@yomotsu/camera-controls:
  version "1.11.1"
  resolved "https://codeload.github.com/yomotsu/camera-controls/tar.gz/98746a7e0f060052b2e4b15b6c34169723ef78a5"

ccapture.js@^1.1.0:
  version "1.1.0"
  resolved "https://registry.yarnpkg.com/ccapture.js/-/ccapture.js-1.1.0.tgz#ac4030e8b43847e305242d784abf284d2313beff"
  integrity sha512-28kiHJzFsZ6b0OTfKpWpEwK2n/LTAgytK1uzB+413dzjHltdh2hP5Yg2qR0+9Xw3XoBMz5UkGCh8Ektr2rVlmw==

colors@1.0.3:
  version "1.0.3"
  resolved "https://registry.yarnpkg.com/colors/-/colors-1.0.3.tgz#0433f44d809680fdeb60ed260f1b0c262e82a40b"
  integrity sha1-BDP0TYCWgP3rYO0mDxsMJi6CpAs=

colors@^1.3.2:
  version "1.3.3"
  resolved "https://registry.yarnpkg.com/colors/-/colors-1.3.3.tgz#39e005d546afe01e01f9c4ca8fa50f686a01205d"
  integrity sha512-mmGt/1pZqYRjMxB1axhTo16/snVZ5krrKkcmMeVKxzECMMXoCgnvTPp10QgHfcbQZw8Dq2jMNG6je4JlWU0gWg==

commander@^2.18.0:
  version "2.19.0"
  resolved "https://registry.yarnpkg.com/commander/-/commander-2.19.0.tgz#f6198aa84e5b83c46054b94ddedbfed5ee9ff12a"
  integrity sha512-6tvAOO+D6OENvRAh524Dh9jcfKTYDQAqvqezbCW82xj5X0pSrcpxtvRKHLG0yBY6SD7PSDrJaj+0AiOcKVd1Xg==

commander@~2.13.0:
  version "2.13.0"
  resolved "https://registry.yarnpkg.com/commander/-/commander-2.13.0.tgz#6964bca67685df7c1f1430c584f07d7597885b9c"
  integrity sha512-MVuS359B+YzaWqjCL/c+22gfryv+mCBPHAv3zyVI2GN8EY6IRP8VwtasXn8jyyhvvq84R4ImN1OKRtcbIasjYA==

concat-files@^0.1.1:
  version "0.1.1"
  resolved "https://registry.yarnpkg.com/concat-files/-/concat-files-0.1.1.tgz#7016ae60278ba3f6b0b561368fa211160e556db5"
  integrity sha1-cBauYCeLo/awtWE2j6IRFg5VbbU=
  dependencies:
    async "~0.2.6"

concat-map@0.0.1:
  version "0.0.1"
  resolved "https://registry.yarnpkg.com/concat-map/-/concat-map-0.0.1.tgz#d8a96bd77fd68df7793a73036a3ba0d5405d477b"
  integrity sha1-2Klr13/Wjfd5OnMDajug1UBdR3s=

corser@~2.0.0:
  version "2.0.1"
  resolved "https://registry.yarnpkg.com/corser/-/corser-2.0.1.tgz#8eda252ecaab5840dcd975ceb90d9370c819ff87"
  integrity sha1-jtolLsqrWEDc2XXOuQ2TcMgZ/4c=

css-line-break@1.0.1:
  version "1.0.1"
  resolved "https://registry.yarnpkg.com/css-line-break/-/css-line-break-1.0.1.tgz#19f2063a33e95fb2831b86446c0b80c188af450a"
  integrity sha1-GfIGOjPpX7KDG4ZEbAuAwYivRQo=
  dependencies:
    base64-arraybuffer "^0.1.5"

debug@=3.1.0:
  version "3.1.0"
  resolved "https://registry.yarnpkg.com/debug/-/debug-3.1.0.tgz#5bb5a0672628b64149566ba16819e61518c67261"
  integrity sha512-OX8XqP7/1a9cqkxYw2yXss15f26NKWBpDXQd0/uK/KPqdQhxbPa994hnzjcE2VqQpDslf55723cKPUOGSmMY3g==
  dependencies:
    ms "2.0.0"

debug@^2.2.0:
  version "2.6.9"
  resolved "https://registry.yarnpkg.com/debug/-/debug-2.6.9.tgz#5d128515df134ff327e90a4c93f4e077a536341f"
  integrity sha512-bC7ElrdJaJnPbAP+1EotYvqZsb3ecl5wi6Bfi6BJTUcNowp6cvspg0jXznRTKDjm/E7AdgFBVeAPVMNcKGsHMA==
  dependencies:
    ms "2.0.0"

ecstatic@^3.0.0:
  version "3.3.0"
  resolved "https://registry.yarnpkg.com/ecstatic/-/ecstatic-3.3.0.tgz#91cd417d152abf85b37b1ab3ebf3bd25cdc64e80"
  integrity sha512-EblWYTd+wPIAMQ0U4oYJZ7QBypT9ZUIwpqli0bKDjeIIQnXDBK2dXtZ9yzRCOlkW1HkO8gn7/FxLK1yPIW17pw==
  dependencies:
    he "^1.1.1"
    mime "^1.6.0"
    minimist "^1.1.0"
    url-join "^2.0.5"

email-addresses@^3.0.1:
  version "3.0.3"
  resolved "https://registry.yarnpkg.com/email-addresses/-/email-addresses-3.0.3.tgz#fc3c6952f68da24239914e982c8a7783bc2ed96d"
  integrity sha512-kUlSC06PVvvjlMRpNIl3kR1NRXLEe86VQ7N0bQeaCZb2g+InShCeHQp/JvyYNTugMnRN2NvJhHlc3q12MWbbpg==

escape-string-regexp@^1.0.2:
  version "1.0.5"
  resolved "https://registry.yarnpkg.com/escape-string-regexp/-/escape-string-regexp-1.0.5.tgz#1b61c0562190a8dff6ae3bb2cf0200ca130b86d4"
  integrity sha1-G2HAViGQqN/2rjuyzwIAyhMLhtQ=

eventemitter3@^3.0.0:
  version "3.1.0"
  resolved "https://registry.yarnpkg.com/eventemitter3/-/eventemitter3-3.1.0.tgz#090b4d6cdbd645ed10bf750d4b5407942d7ba163"
  integrity sha512-ivIvhpq/Y0uSjcHDcOIccjmYjGLcP09MFGE7ysAwkAvkXfpZlC985pH2/ui64DKazbTW/4kN3yqozUxlXzI6cA==

file-saver@^1.3.8:
  version "1.3.8"
  resolved "https://registry.yarnpkg.com/file-saver/-/file-saver-1.3.8.tgz#e68a30c7cb044e2fb362b428469feb291c2e09d8"
  integrity sha512-spKHSBQIxxS81N/O21WmuXA2F6wppUCsutpzenOeZzOCCJ5gEfcbqJP983IrpLXzYmXnMUa6J03SubcNPdKrlg==

filename-reserved-regex@^1.0.0:
  version "1.0.0"
  resolved "https://registry.yarnpkg.com/filename-reserved-regex/-/filename-reserved-regex-1.0.0.tgz#e61cf805f0de1c984567d0386dc5df50ee5af7e4"
  integrity sha1-5hz4BfDeHJhFZ9A4bcXfUO5a9+Q=

filenamify-url@^1.0.0:
  version "1.0.0"
  resolved "https://registry.yarnpkg.com/filenamify-url/-/filenamify-url-1.0.0.tgz#b32bd81319ef5863b73078bed50f46a4f7975f50"
  integrity sha1-syvYExnvWGO3MHi+1Q9GpPeXX1A=
  dependencies:
    filenamify "^1.0.0"
    humanize-url "^1.0.0"

filenamify@^1.0.0:
  version "1.2.1"
  resolved "https://registry.yarnpkg.com/filenamify/-/filenamify-1.2.1.tgz#a9f2ffd11c503bed300015029272378f1f1365a5"
  integrity sha1-qfL/0RxQO+0wABUCknI3jx8TZaU=
  dependencies:
    filename-reserved-regex "^1.0.0"
    strip-outer "^1.0.0"
    trim-repeated "^1.0.0"

follow-redirects@^1.0.0:
  version "1.6.1"
  resolved "https://registry.yarnpkg.com/follow-redirects/-/follow-redirects-1.6.1.tgz#514973c44b5757368bad8bddfe52f81f015c94cb"
  integrity sha512-t2JCjbzxQpWvbhts3l6SH1DKzSrx8a+SsaVf4h6bG4kOXUuPYS/kg2Lr4gQSb7eemaHqJkOThF1BGyjlUkO1GQ==
  dependencies:
    debug "=3.1.0"

fontfaceobserver@^2.1.0:
  version "2.1.0"
  resolved "https://registry.yarnpkg.com/fontfaceobserver/-/fontfaceobserver-2.1.0.tgz#e2705d293e2c585a6531c2a722905657317a2991"
  integrity sha512-ReOsO2F66jUa0jmv2nlM/s1MiutJx/srhAe2+TE8dJCMi02ZZOcCTxTCQFr3Yet+uODUtnr4Mewg+tNQ+4V1Ng==

fs-extra@^7.0.0:
  version "7.0.1"
  resolved "https://registry.yarnpkg.com/fs-extra/-/fs-extra-7.0.1.tgz#4f189c44aa123b895f722804f55ea23eadc348e9"
  integrity sha512-YJDaCJZEnBmcbw13fvdAM9AwNOJwOzrE4pqMqBq5nFiEqXUqHwlK4B+3pUw6JNvfSPtX05xFHtYy/1ni01eGCw==
  dependencies:
    graceful-fs "^4.1.2"
    jsonfile "^4.0.0"
    universalify "^0.1.0"

fs.realpath@^1.0.0:
  version "1.0.0"
  resolved "https://registry.yarnpkg.com/fs.realpath/-/fs.realpath-1.0.0.tgz#1504ad2523158caa40db4a2787cb01411994ea4f"
  integrity sha1-FQStJSMVjKpA20onh8sBQRmU6k8=

gh-pages@^2.0.1:
  version "2.0.1"
  resolved "https://registry.yarnpkg.com/gh-pages/-/gh-pages-2.0.1.tgz#aefe47a43b8d9d2aa3130576b33fe95641e29a2f"
  integrity sha512-uFlk3bukljeiWKQ2XvPfjcSi/ou7IfoDf2p+Fj672saLAr8bnOdFVqI/JSgrSgInKpCg5BksxEwGUl++dbg8Dg==
  dependencies:
    async "^2.6.1"
    commander "^2.18.0"
    email-addresses "^3.0.1"
    filenamify-url "^1.0.0"
    fs-extra "^7.0.0"
    globby "^6.1.0"
    graceful-fs "^4.1.11"
    rimraf "^2.6.2"

glob@^7.0.3, glob@^7.1.3:
  version "7.1.3"
  resolved "https://registry.yarnpkg.com/glob/-/glob-7.1.3.tgz#3960832d3f1574108342dafd3a67b332c0969df1"
  integrity sha512-vcfuiIxogLV4DlGBHIUOwI0IbrJ8HWPc4MU7HzviGeNho/UJDfi6B5p3sHeWIQ0KGIU0Jpxi5ZHxemQfLkkAwQ==
  dependencies:
    fs.realpath "^1.0.0"
    inflight "^1.0.4"
    inherits "2"
    minimatch "^3.0.4"
    once "^1.3.0"
    path-is-absolute "^1.0.0"

globby@^6.1.0:
  version "6.1.0"
  resolved "https://registry.yarnpkg.com/globby/-/globby-6.1.0.tgz#f5a6d70e8395e21c858fb0489d64df02424d506c"
  integrity sha1-9abXDoOV4hyFj7BInWTfAkJNUGw=
  dependencies:
    array-union "^1.0.1"
    glob "^7.0.3"
    object-assign "^4.0.1"
    pify "^2.0.0"
    pinkie-promise "^2.0.0"

graceful-fs@^4.1.11, graceful-fs@^4.1.2, graceful-fs@^4.1.6:
  version "4.1.15"
  resolved "https://registry.yarnpkg.com/graceful-fs/-/graceful-fs-4.1.15.tgz#ffb703e1066e8a0eeaa4c8b80ba9253eeefbfb00"
  integrity sha512-6uHUhOPEBgQ24HM+r6b/QwWfZq+yiFcipKFrOFiBEnWdy5sdzYoi+pJeQaPI5qOLRFqWmAXUPQNsielzdLoecA==

he@^1.1.1:
  version "1.2.0"
  resolved "https://registry.yarnpkg.com/he/-/he-1.2.0.tgz#84ae65fa7eafb165fddb61566ae14baf05664f0f"
  integrity sha512-F/1DnUGPopORZi0ni+CvrCgHQ5FyEAHRLSApuYWMmrbSwoN2Mn/7k+Gl38gJnR7yyDZk6WLXwiGod1JOWNDKGw==

howler@1.1.29:
  version "1.1.29"
  resolved "https://registry.yarnpkg.com/howler/-/howler-1.1.29.tgz#9a3a7fa69e9b9d805c65ad98f66e35893a597b63"
  integrity sha1-mjp/pp6bnYBcZa2Y9m41iTpZe2M=

html2canvas@^1.0.0-alpha.12:
  version "1.0.0-alpha.12"
  resolved "https://registry.yarnpkg.com/html2canvas/-/html2canvas-1.0.0-alpha.12.tgz#3b1992e3c9b3f56063c35fd620494f37eba88513"
  integrity sha1-OxmS48mz9WBjw1/WIElPN+uohRM=
  dependencies:
    css-line-break "1.0.1"

http-proxy@^1.8.1:
  version "1.17.0"
  resolved "https://registry.yarnpkg.com/http-proxy/-/http-proxy-1.17.0.tgz#7ad38494658f84605e2f6db4436df410f4e5be9a"
  integrity sha512-Taqn+3nNvYRfJ3bGvKfBSRwy1v6eePlm3oc/aWVxZp57DQr5Eq3xhKJi7Z4hZpS8PC3H4qI+Yly5EmFacGuA/g==
  dependencies:
    eventemitter3 "^3.0.0"
    follow-redirects "^1.0.0"
    requires-port "^1.0.0"

http-server@^0.11.1:
  version "0.11.1"
  resolved "https://registry.yarnpkg.com/http-server/-/http-server-0.11.1.tgz#2302a56a6ffef7f9abea0147d838a5e9b6b6a79b"
  integrity sha512-6JeGDGoujJLmhjiRGlt8yK8Z9Kl0vnl/dQoQZlc4oeqaUoAKQg94NILLfrY3oWzSyFaQCVNTcKE5PZ3cH8VP9w==
  dependencies:
    colors "1.0.3"
    corser "~2.0.0"
    ecstatic "^3.0.0"
    http-proxy "^1.8.1"
    opener "~1.4.0"
    optimist "0.6.x"
    portfinder "^1.0.13"
    union "~0.4.3"

humanize-url@^1.0.0:
  version "1.0.1"
  resolved "https://registry.yarnpkg.com/humanize-url/-/humanize-url-1.0.1.tgz#f4ab99e0d288174ca4e1e50407c55fbae464efff"
  integrity sha1-9KuZ4NKIF0yk4eUEB8VfuuRk7/8=
  dependencies:
    normalize-url "^1.0.0"
    strip-url-auth "^1.0.0"

inflight@^1.0.4:
  version "1.0.6"
  resolved "https://registry.yarnpkg.com/inflight/-/inflight-1.0.6.tgz#49bd6331d7d02d0c09bc910a1075ba8165b56df9"
  integrity sha1-Sb1jMdfQLQwJvJEKEHW6gWW1bfk=
  dependencies:
    once "^1.3.0"
    wrappy "1"

inherits@2:
  version "2.0.3"
  resolved "https://registry.yarnpkg.com/inherits/-/inherits-2.0.3.tgz#633c2c83e3da42a502f52466022480f4208261de"
  integrity sha1-Yzwsg+PaQqUC9SRmAiSA9CCCYd4=

is-plain-obj@^1.0.0:
  version "1.1.0"
  resolved "https://registry.yarnpkg.com/is-plain-obj/-/is-plain-obj-1.1.0.tgz#71a50c8429dfca773c92a390a4a03b39fcd51d3e"
  integrity sha1-caUMhCnfync8kqOQpKA7OfzVHT4=

is-wsl@^1.1.0:
  version "1.1.0"
  resolved "https://registry.yarnpkg.com/is-wsl/-/is-wsl-1.1.0.tgz#1f16e4aa22b04d1336b66188a66af3c600c3a66d"
  integrity sha1-HxbkqiKwTRM2tmGIpmrzxgDDpm0=

jsonfile@^4.0.0:
  version "4.0.0"
  resolved "https://registry.yarnpkg.com/jsonfile/-/jsonfile-4.0.0.tgz#8771aae0799b64076b76640fca058f9c10e33ecb"
  integrity sha1-h3Gq4HmbZAdrdmQPygWPnBDjPss=
  optionalDependencies:
    graceful-fs "^4.1.6"

lodash@^4.17.10:
  version "4.17.11"
  resolved "https://registry.yarnpkg.com/lodash/-/lodash-4.17.11.tgz#b39ea6229ef607ecd89e2c8df12536891cac9b8d"
  integrity sha512-cQKh8igo5QUhZ7lg38DYWAxMvjSAKG0A8wGSVimP07SIUEK2UO+arSRKbRZWtelMtN5V0Hkwh5ryOto/SshYIg==

mime@^1.6.0:
  version "1.6.0"
  resolved "https://registry.yarnpkg.com/mime/-/mime-1.6.0.tgz#32cd9e5c64553bd58d19a568af452acff04981b1"
  integrity sha512-x0Vn8spI+wuJ1O6S7gnbaQg8Pxh4NNHb7KSINmEWKiPE4RKOplvijn+NkmYmmRgP68mc70j2EbeTFRsrswaQeg==

minimatch@^3.0.4:
  version "3.0.4"
  resolved "https://registry.yarnpkg.com/minimatch/-/minimatch-3.0.4.tgz#5166e286457f03306064be5497e8dbb0c3d32083"
  integrity sha512-yJHVQEhyqPLUTgt9B83PXu6W3rx4MvvHvSUvToogpwoGDOUQ+yDrR0HRot+yOCdCO7u4hX3pWft6kWBBcqh0UA==
  dependencies:
    brace-expansion "^1.1.7"

minimist@0.0.8:
  version "0.0.8"
  resolved "https://registry.yarnpkg.com/minimist/-/minimist-0.0.8.tgz#857fcabfc3397d2625b8228262e86aa7a011b05d"
  integrity sha1-hX/Kv8M5fSYluCKCYuhqp6ARsF0=

minimist@^1.1.0:
  version "1.2.0"
  resolved "https://registry.yarnpkg.com/minimist/-/minimist-1.2.0.tgz#a35008b20f41383eec1fb914f4cd5df79a264284"
  integrity sha1-o1AIsg9BOD7sH7kU9M1d95omQoQ=

minimist@~0.0.1:
  version "0.0.10"
  resolved "https://registry.yarnpkg.com/minimist/-/minimist-0.0.10.tgz#de3f98543dbf96082be48ad1a0c7cda836301dcf"
  integrity sha1-3j+YVD2/lggr5IrRoMfNqDYwHc8=

mkdirp@0.5.x:
  version "0.5.1"
  resolved "https://registry.yarnpkg.com/mkdirp/-/mkdirp-0.5.1.tgz#30057438eac6cf7f8c4767f38648d6697d75c903"
  integrity sha1-MAV0OOrGz3+MR2fzhkjWaX11yQM=
  dependencies:
    minimist "0.0.8"

ms@2.0.0:
  version "2.0.0"
  resolved "https://registry.yarnpkg.com/ms/-/ms-2.0.0.tgz#5608aeadfc00be6c2901df5f9861788de0d597c8"
  integrity sha1-VgiurfwAvmwpAd9fmGF4jeDVl8g=

ncp@^2.0.0:
  version "2.0.0"
  resolved "https://registry.yarnpkg.com/ncp/-/ncp-2.0.0.tgz#195a21d6c46e361d2fb1281ba38b91e9df7bdbb3"
  integrity sha1-GVoh1sRuNh0vsSgbo4uR6d9727M=

normalize-url@^1.0.0:
  version "1.9.1"
  resolved "https://registry.yarnpkg.com/normalize-url/-/normalize-url-1.9.1.tgz#2cc0d66b31ea23036458436e3620d85954c66c3c"
  integrity sha1-LMDWazHqIwNkWENuNiDYWVTGbDw=
  dependencies:
    object-assign "^4.0.1"
    prepend-http "^1.0.0"
    query-string "^4.1.0"
    sort-keys "^1.0.0"

object-assign@^4.0.1, object-assign@^4.1.0:
  version "4.1.1"
  resolved "https://registry.yarnpkg.com/object-assign/-/object-assign-4.1.1.tgz#2109adc7965887cfc05cbbd442cac8bfbb360863"
  integrity sha1-IQmtx5ZYh8/AXLvUQsrIv7s2CGM=

ocean@jbouny/ocean:
  version "0.0.0"
  resolved "https://codeload.github.com/jbouny/ocean/tar.gz/d5e5f4bd2fe7122fda787458800bba4836aad2a1"

once@^1.3.0:
  version "1.4.0"
  resolved "https://registry.yarnpkg.com/once/-/once-1.4.0.tgz#583b1aa775961d4b113ac17d9c50baef9dd76bd1"
  integrity sha1-WDsap3WWHUsROsF9nFC6753Xa9E=
  dependencies:
    wrappy "1"

opener@~1.4.0:
  version "1.4.3"
  resolved "https://registry.yarnpkg.com/opener/-/opener-1.4.3.tgz#5c6da2c5d7e5831e8ffa3964950f8d6674ac90b8"
  integrity sha1-XG2ixdflgx6P+jlklQ+NZnSskLg=

opn@^6.0.0:
  version "6.0.0"
  resolved "https://registry.yarnpkg.com/opn/-/opn-6.0.0.tgz#3c5b0db676d5f97da1233d1ed42d182bc5a27d2d"
  integrity sha512-I9PKfIZC+e4RXZ/qr1RhgyCnGgYX0UEIlXgWnCOVACIvFgaC9rz6Won7xbdhoHrd8IIhV7YEpHjreNUNkqCGkQ==
  dependencies:
    is-wsl "^1.1.0"

optimist@0.6.x:
  version "0.6.1"
  resolved "https://registry.yarnpkg.com/optimist/-/optimist-0.6.1.tgz#da3ea74686fa21a19a111c326e90eb15a0196686"
  integrity sha1-2j6nRob6IaGaERwybpDrFaAZZoY=
  dependencies:
    minimist "~0.0.1"
    wordwrap "~0.0.2"

path-is-absolute@^1.0.0:
  version "1.0.1"
  resolved "https://registry.yarnpkg.com/path-is-absolute/-/path-is-absolute-1.0.1.tgz#174b9268735534ffbc7ace6bf53a5a9e1b5c5f5f"
  integrity sha1-F0uSaHNVNP+8es5r9TpanhtcX18=

pify@^2.0.0:
  version "2.3.0"
  resolved "https://registry.yarnpkg.com/pify/-/pify-2.3.0.tgz#ed141a6ac043a849ea588498e7dca8b15330e90c"
  integrity sha1-7RQaasBDqEnqWISY59yosVMw6Qw=

pinkie-promise@^2.0.0:
  version "2.0.1"
  resolved "https://registry.yarnpkg.com/pinkie-promise/-/pinkie-promise-2.0.1.tgz#2135d6dfa7a358c069ac9b178776288228450ffa"
  integrity sha1-ITXW36ejWMBprJsXh3YogihFD/o=
  dependencies:
    pinkie "^2.0.0"

pinkie@^2.0.0:
  version "2.0.4"
  resolved "https://registry.yarnpkg.com/pinkie/-/pinkie-2.0.4.tgz#72556b80cfa0d48a974e80e77248e80ed4f7f870"
  integrity sha1-clVrgM+g1IqXToDnckjoDtT3+HA=

portfinder@^1.0.13:
  version "1.0.20"
  resolved "https://registry.yarnpkg.com/portfinder/-/portfinder-1.0.20.tgz#bea68632e54b2e13ab7b0c4775e9b41bf270e44a"
  integrity sha512-Yxe4mTyDzTd59PZJY4ojZR8F+E5e97iq2ZOHPz3HDgSvYC5siNad2tLooQ5y5QHyQhc3xVqvyk/eNA3wuoa7Sw==
  dependencies:
    async "^1.5.2"
    debug "^2.2.0"
    mkdirp "0.5.x"

prepend-http@^1.0.0:
  version "1.0.4"
  resolved "https://registry.yarnpkg.com/prepend-http/-/prepend-http-1.0.4.tgz#d4f4562b0ce3696e41ac52d0e002e57a635dc6dc"
  integrity sha1-1PRWKwzjaW5BrFLQ4ALlemNdxtw=

qrcodejs@davidshimjs/qrcodejs:
  version "0.0.0"
  resolved "https://codeload.github.com/davidshimjs/qrcodejs/tar.gz/04f46c6a0708418cb7b96fc563eacae0fbf77674"

qs@~2.3.3:
  version "2.3.3"
  resolved "https://registry.yarnpkg.com/qs/-/qs-2.3.3.tgz#e9e85adbe75da0bbe4c8e0476a086290f863b404"
  integrity sha1-6eha2+ddoLvkyOBHaghikPhjtAQ=

query-string@^4.1.0:
  version "4.3.4"
  resolved "https://registry.yarnpkg.com/query-string/-/query-string-4.3.4.tgz#bbb693b9ca915c232515b228b1a02b609043dbeb"
  integrity sha1-u7aTucqRXCMlFbIosaArYJBD2+s=
  dependencies:
    object-assign "^4.1.0"
    strict-uri-encode "^1.0.0"

requires-port@^1.0.0:
  version "1.0.0"
  resolved "https://registry.yarnpkg.com/requires-port/-/requires-port-1.0.0.tgz#925d2601d39ac485e091cf0da5c6e694dc3dcaff"
  integrity sha1-kl0mAdOaxIXgkc8NpcbmlNw9yv8=

rimraf@^2.6.2:
  version "2.6.3"
  resolved "https://registry.yarnpkg.com/rimraf/-/rimraf-2.6.3.tgz#b2d104fe0d8fb27cf9e0a1cda8262dd3833c6cab"
  integrity sha512-mwqeW5XsA2qAejG46gYdENaxXjx9onRNCfn7L0duuP4hCuTIi/QO7PDK07KJfp1d+izWPrzEJDcSqBa0OZQriA==
  dependencies:
    glob "^7.1.3"

rstats@spite/rstats:
  version "1.0.1"
  resolved "https://codeload.github.com/spite/rstats/tar.gz/7b10eba2c14e27b5dfa575614abbb49241427ac5"

shader-particle-engine@squarefeet/ShaderParticleEngine:
  version "1.0.6"
  resolved "https://codeload.github.com/squarefeet/ShaderParticleEngine/tar.gz/ecc2886ce952d8f0ae0739f031bead671445f8a9"
  dependencies:
    three "^0.84.0"

sort-keys@^1.0.0:
  version "1.1.2"
  resolved "https://registry.yarnpkg.com/sort-keys/-/sort-keys-1.1.2.tgz#441b6d4d346798f1b4e49e8920adfba0e543f9ad"
  integrity sha1-RBttTTRnmPG05J6JIK37oOVD+a0=
  dependencies:
    is-plain-obj "^1.0.0"

source-map@~0.6.1:
  version "0.6.1"
  resolved "https://registry.yarnpkg.com/source-map/-/source-map-0.6.1.tgz#74722af32e9614e9c287a8d0bbde48b5e2f1a263"
  integrity sha512-UjgapumWlbMhkBgzT7Ykc5YXUT46F0iKu8SGXq0bcwP5dz/h0Plj6enJqjz1Zbq2l5WaqYnrVbwWOWMyF3F47g==

stats.js@mrdoob/stats.js:
  version "0.17.0"
  resolved "https://codeload.github.com/mrdoob/stats.js/tar.gz/1b71f881c9c0008a8f739b26ce78bf2432775619"

strict-uri-encode@^1.0.0:
  version "1.1.0"
  resolved "https://registry.yarnpkg.com/strict-uri-encode/-/strict-uri-encode-1.1.0.tgz#279b225df1d582b1f54e65addd4352e18faa0713"
  integrity sha1-J5siXfHVgrH1TmWt3UNS4Y+qBxM=

strip-outer@^1.0.0:
  version "1.0.1"
  resolved "https://registry.yarnpkg.com/strip-outer/-/strip-outer-1.0.1.tgz#b2fd2abf6604b9d1e6013057195df836b8a9d631"
  integrity sha512-k55yxKHwaXnpYGsOzg4Vl8+tDrWylxDEpknGjhTiZB8dFRU5rTo9CAzeycivxV3s+zlTKwrs6WxMxR95n26kwg==
  dependencies:
    escape-string-regexp "^1.0.2"

strip-url-auth@^1.0.0:
  version "1.0.1"
  resolved "https://registry.yarnpkg.com/strip-url-auth/-/strip-url-auth-1.0.1.tgz#22b0fa3a41385b33be3f331551bbb837fa0cd7ae"
  integrity sha1-IrD6OkE4WzO+PzMVUbu4N/oM164=

three@^0.137.0:
  version "0.137.0"
  resolved "https://registry.yarnpkg.com/three/-/three-0.137.0.tgz#0ebd6ba66637a332c31f234bcdd35aeec071a6e3"
  integrity sha512-rzSDhia6cU35UCy6y+zEEws6vSgytfHqFMSaBvUcySgzwvDO6vETyswtSNi/+aVqJw8WLMwyT1mlQQ1T/dxxOA==

three@^0.84.0:
  version "0.84.0"
  resolved "https://registry.yarnpkg.com/three/-/three-0.84.0.tgz#95be85a55a0fa002aa625ed559130957dcffd918"
  integrity sha1-lb6FpVoPoAKqYl7VWRMJV9z/2Rg=

threex.dynamictexture@jeromeetienne/threex.dynamictexture:
  version "0.0.0"
  resolved "https://codeload.github.com/jeromeetienne/threex.dynamictexture/tar.gz/2332400dcf8616d5f41656826b39905f436d40e9"

threex.keyboardstate@jeromeetienne/threex.keyboardstate:
  version "0.0.0"
  resolved "https://codeload.github.com/jeromeetienne/threex.keyboardstate/tar.gz/51fd77fdd87eeed064db643693d393cf21afa45d"

threex.volumetricspotlight@jeromeetienne/threex.volumetricspotlight:
  version "0.0.0"
  resolved "https://codeload.github.com/jeromeetienne/threex.volumetricspotlight/tar.gz/3bf43f2749ff208ef486165954845ee3cc3fbc31"

threex.windowresize@jeromeetienne/threex.windowresize:
  version "0.0.0"
  resolved "https://codeload.github.com/jeromeetienne/threex.windowresize/tar.gz/6e1b4d06c9c0ed56f9dd43abb7b50bc85e325013"

trim-repeated@^1.0.0:
  version "1.0.0"
  resolved "https://registry.yarnpkg.com/trim-repeated/-/trim-repeated-1.0.0.tgz#e3646a2ea4e891312bf7eace6cfb05380bc01c21"
  integrity sha1-42RqLqTokTEr9+rObPsFOAvAHCE=
  dependencies:
    escape-string-regexp "^1.0.2"

uglify-es@^3.3.9:
  version "3.3.9"
  resolved "https://registry.yarnpkg.com/uglify-es/-/uglify-es-3.3.9.tgz#0c1c4f0700bed8dbc124cdb304d2592ca203e677"
  integrity sha512-r+MU0rfv4L/0eeW3xZrd16t4NZfK8Ld4SWVglYBb7ez5uXFWHuVRs6xCTrf1yirs9a4j4Y27nn7SRfO6v67XsQ==
  dependencies:
    commander "~2.13.0"
    source-map "~0.6.1"

union@~0.4.3:
  version "0.4.6"
  resolved "https://registry.yarnpkg.com/union/-/union-0.4.6.tgz#198fbdaeba254e788b0efcb630bc11f24a2959e0"
  integrity sha1-GY+9rrolTniLDvy2MLwR8kopWeA=
  dependencies:
    qs "~2.3.3"

universalify@^0.1.0:
  version "0.1.2"
  resolved "https://registry.yarnpkg.com/universalify/-/universalify-0.1.2.tgz#b646f69be3942dabcecc9d6639c80dc105efaa66"
  integrity sha512-rBJeI5CXAlmy1pV+617WB9J63U6XcazHHF2f2dbJix4XzpUF0RS3Zbj0FGIOCAva5P/d/GBOYaACQ1w+0azUkg==

url-join@^2.0.5:
  version "2.0.5"
  resolved "https://registry.yarnpkg.com/url-join/-/url-join-2.0.5.tgz#5af22f18c052a000a48d7b82c5e9c2e2feeda728"
  integrity sha1-WvIvGMBSoACkjXuCxenC4v7tpyg=

virtualjoystick.js@jeromeetienne/virtualjoystick.js:
  version "0.0.0"
  resolved "https://codeload.github.com/jeromeetienne/virtualjoystick.js/tar.gz/454aab61d1df0a2cbb549f982c7e06b1c57fe419"

wordwrap@~0.0.2:
  version "0.0.3"
  resolved "https://registry.yarnpkg.com/wordwrap/-/wordwrap-0.0.3.tgz#a3d5da6cd5c0bc0008d37234bbaf1bed63059107"
  integrity sha1-o9XabNXAvAAI03I0u68b7WMFkQc=

wrappy@1:
  version "1.0.2"
  resolved "https://registry.yarnpkg.com/wrappy/-/wrappy-1.0.2.tgz#b5243d8f3ec1aa35f1364605bc0d1036e30ab69f"
  integrity sha1-tSQ9jz7BqjXxNkYFvA0QNuMKtp8=
